
Microsoft Visual Studio Solution File, Format Version 12.00
# Visual Studio 15
VisualStudioVersion = 15.0.28307.136
MinimumVisualStudioVersion = 10.0.40219.1
Project("{FAE04EC0-301F-11D3-BF4B-00C04F79EFBC}") = "LygiagretusProjektas", "LygiagretusProjektas\LygiagretusProjektas.csproj", "{657D95D3-06C0-4D3F-A6F1-DCC3C1862939}"
EndProject
Global
	GlobalSection(SolutionConfigurationPlatforms) = preSolution
		Debug|Any CPU = Debug|Any CPU
		Release|Any CPU = Release|Any CPU
	EndGlobalSection
	GlobalSection(ProjectConfigurationPlatforms) = postSolution
		{657D95D3-06C0-4D3F-A6F1-DCC3C1862939}.Debug|Any CPU.ActiveCfg = Debug|Any CPU
		{657D95D3-06C0-4D3F-A6F1-DCC3C1862939}.Debug|Any CPU.Build.0 = Debug|Any CPU
		{657D95D3-06C0-4D3F-A6F1-DCC3C1862939}.Release|Any CPU.ActiveCfg = Release|Any CPU
		{657D95D3-06C0-4D3F-A6F1-DCC3C1862939}.Release|Any CPU.Build.0 = Release|Any CPU
	EndGlobalSection
	GlobalSection(SolutionProperties) = preSolution
		HideSolutionNode = FALSE
	EndGlobalSection
	GlobalSection(ExtensibilityGlobals) = postSolution
		SolutionGuid = {0C963583-D1AE-43B7-BDB1-5D4E676AFD25}
	EndGlobalSection
EndGlobal
